// !$*UTF8*$!
{
	archiveVersion = 1;
	classes = {
	};
	objectVersion = 51;
	objects = {

/* Begin PBXBuildFile section */
		7624B981C3BE15F9B7FEC462 /* Pods_Podcasts.framework in Frameworks */ = {isa = PBXBuildFile; fileRef = 0F329A363384149F31B533D7 /* Pods_Podcasts.framework */; };
		ED38B82E22E3A3DF0088D216 /* AppDelegate.swift in Sources */ = {isa = PBXBuildFile; fileRef = ED38B82D22E3A3DF0088D216 /* AppDelegate.swift */; };
		ED38B83022E3A3DF0088D216 /* FavoritesController.swift in Sources */ = {isa = PBXBuildFile; fileRef = ED38B82F22E3A3DF0088D216 /* FavoritesController.swift */; };
		ED38B83322E3A3DF0088D216 /* Main.storyboard in Resources */ = {isa = PBXBuildFile; fileRef = ED38B83122E3A3DF0088D216 /* Main.storyboard */; };
		ED38B83622E3A3DF0088D216 /* Podcasts.xcdatamodeld in Sources */ = {isa = PBXBuildFile; fileRef = ED38B83422E3A3DF0088D216 /* Podcasts.xcdatamodeld */; };
		ED38B83822E3A3E10088D216 /* Assets.xcassets in Resources */ = {isa = PBXBuildFile; fileRef = ED38B83722E3A3E10088D216 /* Assets.xcassets */; };
		ED38B83B22E3A3E10088D216 /* LaunchScreen.storyboard in Resources */ = {isa = PBXBuildFile; fileRef = ED38B83922E3A3E10088D216 /* LaunchScreen.storyboard */; };
		ED38B84322E3A5730088D216 /* MainTabController.swift in Sources */ = {isa = PBXBuildFile; fileRef = ED38B84222E3A5730088D216 /* MainTabController.swift */; };
		ED38B86922E61DC90088D216 /* SearchController.swift in Sources */ = {isa = PBXBuildFile; fileRef = ED38B86822E61DC90088D216 /* SearchController.swift */; };
		ED38B86B22E61E550088D216 /* Podcast.swift in Sources */ = {isa = PBXBuildFile; fileRef = ED38B86A22E61E550088D216 /* Podcast.swift */; };
/* End PBXBuildFile section */

/* Begin PBXFileReference section */
		0F329A363384149F31B533D7 /* Pods_Podcasts.framework */ = {isa = PBXFileReference; explicitFileType = wrapper.framework; includeInIndex = 0; path = Pods_Podcasts.framework; sourceTree = BUILT_PRODUCTS_DIR; };
		2CA8588EC36E84F5A6B518A7 /* Pods-Podcasts.debug.xcconfig */ = {isa = PBXFileReference; includeInIndex = 1; lastKnownFileType = text.xcconfig; name = "Pods-Podcasts.debug.xcconfig"; path = "Target Support Files/Pods-Podcasts/Pods-Podcasts.debug.xcconfig"; sourceTree = "<group>"; };
		C0AA3A1336703CCBF6C83804 /* Pods-Podcasts.release.xcconfig */ = {isa = PBXFileReference; includeInIndex = 1; lastKnownFileType = text.xcconfig; name = "Pods-Podcasts.release.xcconfig"; path = "Target Support Files/Pods-Podcasts/Pods-Podcasts.release.xcconfig"; sourceTree = "<group>"; };
		ED38B82A22E3A3DF0088D216 /* Podcasts.app */ = {isa = PBXFileReference; explicitFileType = wrapper.application; includeInIndex = 0; path = Podcasts.app; sourceTree = BUILT_PRODUCTS_DIR; };
		ED38B82D22E3A3DF0088D216 /* AppDelegate.swift */ = {isa = PBXFileReference; lastKnownFileType = sourcecode.swift; path = AppDelegate.swift; sourceTree = "<group>"; };
		ED38B82F22E3A3DF0088D216 /* FavoritesController.swift */ = {isa = PBXFileReference; lastKnownFileType = sourcecode.swift; path = FavoritesController.swift; sourceTree = "<group>"; };
		ED38B83222E3A3DF0088D216 /* Base */ = {isa = PBXFileReference; lastKnownFileType = file.storyboard; name = Base; path = Base.lproj/Main.storyboard; sourceTree = "<group>"; };
		ED38B83522E3A3DF0088D216 /* Podcasts.xcdatamodel */ = {isa = PBXFileReference; lastKnownFileType = wrapper.xcdatamodel; path = Podcasts.xcdatamodel; sourceTree = "<group>"; };
		ED38B83722E3A3E10088D216 /* Assets.xcassets */ = {isa = PBXFileReference; lastKnownFileType = folder.assetcatalog; path = Assets.xcassets; sourceTree = "<group>"; };
		ED38B83A22E3A3E10088D216 /* Base */ = {isa = PBXFileReference; lastKnownFileType = file.storyboard; name = Base; path = Base.lproj/LaunchScreen.storyboard; sourceTree = "<group>"; };
		ED38B83C22E3A3E10088D216 /* Info.plist */ = {isa = PBXFileReference; lastKnownFileType = text.plist.xml; path = Info.plist; sourceTree = "<group>"; };
		ED38B84222E3A5730088D216 /* MainTabController.swift */ = {isa = PBXFileReference; lastKnownFileType = sourcecode.swift; path = MainTabController.swift; sourceTree = "<group>"; };
		ED38B86822E61DC90088D216 /* SearchController.swift */ = {isa = PBXFileReference; lastKnownFileType = sourcecode.swift; path = SearchController.swift; sourceTree = "<group>"; };
		ED38B86A22E61E550088D216 /* Podcast.swift */ = {isa = PBXFileReference; lastKnownFileType = sourcecode.swift; path = Podcast.swift; sourceTree = "<group>"; };
/* End PBXFileReference section */

/* Begin PBXFrameworksBuildPhase section */
		ED38B82722E3A3DF0088D216 /* Frameworks */ = {
			isa = PBXFrameworksBuildPhase;
			buildActionMask = 2147483647;
			files = (
				7624B981C3BE15F9B7FEC462 /* Pods_Podcasts.framework in Frameworks */,
			);
			runOnlyForDeploymentPostprocessing = 0;
		};
/* End PBXFrameworksBuildPhase section */

/* Begin PBXGroup section */
		A77FAEF61DF373B77F49A8A2 /* Frameworks */ = {
			isa = PBXGroup;
			children = (
				0F329A363384149F31B533D7 /* Pods_Podcasts.framework */,
			);
			name = Frameworks;
			sourceTree = "<group>";
		};
		BD3604DE00917898677226D4 /* Pods */ = {
			isa = PBXGroup;
			children = (
				2CA8588EC36E84F5A6B518A7 /* Pods-Podcasts.debug.xcconfig */,
				C0AA3A1336703CCBF6C83804 /* Pods-Podcasts.release.xcconfig */,
			);
			path = Pods;
			sourceTree = "<group>";
		};
		ED38B82122E3A3DF0088D216 = {
			isa = PBXGroup;
			children = (
				ED38B82C22E3A3DF0088D216 /* Podcasts */,
				ED38B82B22E3A3DF0088D216 /* Products */,
				BD3604DE00917898677226D4 /* Pods */,
				A77FAEF61DF373B77F49A8A2 /* Frameworks */,
			);
			sourceTree = "<group>";
		};
		ED38B82B22E3A3DF0088D216 /* Products */ = {
			isa = PBXGroup;
			children = (
				ED38B82A22E3A3DF0088D216 /* Podcasts.app */,
			);
			name = Products;
			sourceTree = "<group>";
		};
		ED38B82C22E3A3DF0088D216 /* Podcasts */ = {
			isa = PBXGroup;
			children = (
				ED38B84622E3A94F0088D216 /* Models */,
				ED38B84522E3A9490088D216 /* Views */,
				ED38B84422E3A93E0088D216 /* Controllers */,
				ED38B82D22E3A3DF0088D216 /* AppDelegate.swift */,
				ED38B83122E3A3DF0088D216 /* Main.storyboard */,
				ED38B83722E3A3E10088D216 /* Assets.xcassets */,
				ED38B83922E3A3E10088D216 /* LaunchScreen.storyboard */,
				ED38B83C22E3A3E10088D216 /* Info.plist */,
				ED38B83422E3A3DF0088D216 /* Podcasts.xcdatamodeld */,
			);
			path = Podcasts;
			sourceTree = "<group>";
		};
		ED38B84422E3A93E0088D216 /* Controllers */ = {
			isa = PBXGroup;
			children = (
				ED38B86822E61DC90088D216 /* SearchController.swift */,
				ED38B82F22E3A3DF0088D216 /* FavoritesController.swift */,
				ED38B84222E3A5730088D216 /* MainTabController.swift */,
			);
			path = Controllers;
			sourceTree = "<group>";
		};
		ED38B84522E3A9490088D216 /* Views */ = {
			isa = PBXGroup;
			children = (
			);
			path = Views;
			sourceTree = "<group>";
		};
		ED38B84622E3A94F0088D216 /* Models */ = {
			isa = PBXGroup;
			children = (
				ED38B86A22E61E550088D216 /* Podcast.swift */,
			);
			path = Models;
			sourceTree = "<group>";
		};
/* End PBXGroup section */

/* Begin PBXNativeTarget section */
		ED38B82922E3A3DF0088D216 /* Podcasts */ = {
			isa = PBXNativeTarget;
			buildConfigurationList = ED38B83F22E3A3E10088D216 /* Build configuration list for PBXNativeTarget "Podcasts" */;
			buildPhases = (
				CFA97E4A1A398F601DBB91B1 /* [CP] Check Pods Manifest.lock */,
				ED38B82622E3A3DF0088D216 /* Sources */,
				ED38B82722E3A3DF0088D216 /* Frameworks */,
				ED38B82822E3A3DF0088D216 /* Resources */,
				F99C83AD2049D34F4514D01C /* [CP] Embed Pods Frameworks */,
			);
			buildRules = (
			);
			dependencies = (
			);
			name = Podcasts;
			productName = Podcasts;
			productReference = ED38B82A22E3A3DF0088D216 /* Podcasts.app */;
			productType = "com.apple.product-type.application";
		};
/* End PBXNativeTarget section */

/* Begin PBXProject section */
		ED38B82222E3A3DF0088D216 /* Project object */ = {
			isa = PBXProject;
			attributes = {
				LastSwiftUpdateCheck = 1020;
				LastUpgradeCheck = 1020;
				ORGANIZATIONNAME = "Kirill Ivanoff";
				TargetAttributes = {
					ED38B82922E3A3DF0088D216 = {
						CreatedOnToolsVersion = 10.2.1;
					};
				};
			};
			buildConfigurationList = ED38B82522E3A3DF0088D216 /* Build configuration list for PBXProject "Podcasts" */;
			compatibilityVersion = "Xcode 9.3";
			developmentRegion = en;
			hasScannedForEncodings = 0;
			knownRegions = (
				en,
				Base,
			);
			mainGroup = ED38B82122E3A3DF0088D216;
			productRefGroup = ED38B82B22E3A3DF0088D216 /* Products */;
			projectDirPath = "";
			projectRoot = "";
			targets = (
				ED38B82922E3A3DF0088D216 /* Podcasts */,
			);
		};
/* End PBXProject section */

/* Begin PBXResourcesBuildPhase section */
		ED38B82822E3A3DF0088D216 /* Resources */ = {
			isa = PBXResourcesBuildPhase;
			buildActionMask = 2147483647;
			files = (
				ED38B83B22E3A3E10088D216 /* LaunchScreen.storyboard in Resources */,
				ED38B83822E3A3E10088D216 /* Assets.xcassets in Resources */,
				ED38B83322E3A3DF0088D216 /* Main.storyboard in Resources */,
			);
			runOnlyForDeploymentPostprocessing = 0;
		};
/* End PBXResourcesBuildPhase section */

/* Begin PBXShellScriptBuildPhase section */
		CFA97E4A1A398F601DBB91B1 /* [CP] Check Pods Manifest.lock */ = {
			isa = PBXShellScriptBuildPhase;
			buildActionMask = 2147483647;
			files = (
			);
			inputFileListPaths = (
			);
			inputPaths = (
				"${PODS_PODFILE_DIR_PATH}/Podfile.lock",
				"${PODS_ROOT}/Manifest.lock",
			);
			name = "[CP] Check Pods Manifest.lock";
			outputFileListPaths = (
			);
			outputPaths = (
				"$(DERIVED_FILE_DIR)/Pods-Podcasts-checkManifestLockResult.txt",
			);
			runOnlyForDeploymentPostprocessing = 0;
			shellPath = /bin/sh;
			shellScript = "diff \"${PODS_PODFILE_DIR_PATH}/Podfile.lock\" \"${PODS_ROOT}/Manifest.lock\" > /dev/null\nif [ $? != 0 ] ; then\n    # print error to STDERR\n    echo \"error: The sandbox is not in sync with the Podfile.lock. Run 'pod install' or update your CocoaPods installation.\" >&2\n    exit 1\nfi\n# This output is used by Xcode 'outputs' to avoid re-running this script phase.\necho \"SUCCESS\" > \"${SCRIPT_OUTPUT_FILE_0}\"\n";
			showEnvVarsInLog = 0;
		};
		F99C83AD2049D34F4514D01C /* [CP] Embed Pods Frameworks */ = {
			isa = PBXShellScriptBuildPhase;
			buildActionMask = 2147483647;
			files = (
			);
			inputFileListPaths = (
				"${PODS_ROOT}/Target Support Files/Pods-Podcasts/Pods-Podcasts-frameworks-${CONFIGURATION}-input-files.xcfilelist",
			);
			name = "[CP] Embed Pods Frameworks";
			outputFileListPaths = (
				"${PODS_ROOT}/Target Support Files/Pods-Podcasts/Pods-Podcasts-frameworks-${CONFIGURATION}-output-files.xcfilelist",
			);
			runOnlyForDeploymentPostprocessing = 0;
			shellPath = /bin/sh;
			shellScript = "\"${PODS_ROOT}/Target Support Files/Pods-Podcasts/Pods-Podcasts-frameworks.sh\"\n";
			showEnvVarsInLog = 0;
		};
/* End PBXShellScriptBuildPhase section */

/* Begin PBXSourcesBuildPhase section */
		ED38B82622E3A3DF0088D216 /* Sources */ = {
			isa = PBXSourcesBuildPhase;
			buildActionMask = 2147483647;
			files = (
				ED38B83622E3A3DF0088D216 /* Podcasts.xcdatamodeld in Sources */,
				ED38B86922E61DC90088D216 /* SearchController.swift in Sources */,
				ED38B86B22E61E550088D216 /* Podcast.swift in Sources */,
				ED38B83022E3A3DF0088D216 /* FavoritesController.swift in Sources */,
				ED38B84322E3A5730088D216 /* MainTabController.swift in Sources */,
				ED38B82E22E3A3DF0088D216 /* AppDelegate.swift in Sources */,
			);
			runOnlyForDeploymentPostprocessing = 0;
		};
/* End PBXSourcesBuildPhase section */

/* Begin PBXVariantGroup section */
		ED38B83122E3A3DF0088D216 /* Main.storyboard */ = {
			isa = PBXVariantGroup;
			children = (
				ED38B83222E3A3DF0088D216 /* Base */,
			);
			name = Main.storyboard;
			sourceTree = "<group>";
		};
		ED38B83922E3A3E10088D216 /* LaunchScreen.storyboard */ = {
			isa = PBXVariantGroup;
			children = (
				ED38B83A22E3A3E10088D216 /* Base */,
			);
			name = LaunchScreen.storyboard;
			sourceTree = "<group>";
		};
/* End PBXVariantGroup section */

/* Begin XCBuildConfiguration section */
		ED38B83D22E3A3E10088D216 /* Debug */ = {
			isa = XCBuildConfiguration;
			buildSettings = {
				ALWAYS_SEARCH_USER_PATHS = NO;
				CLANG_ANALYZER_NONNULL = YES;
				CLANG_ANALYZER_NUMBER_OBJECT_CONVERSION = YES_AGGRESSIVE;
				CLANG_CXX_LANGUAGE_STANDARD = "gnu++14";
				CLANG_CXX_LIBRARY = "libc++";
				CLANG_ENABLE_MODULES = YES;
				CLANG_ENABLE_OBJC_ARC = YES;
				CLANG_ENABLE_OBJC_WEAK = YES;
				CLANG_WARN_BLOCK_CAPTURE_AUTORELEASING = YES;
				CLANG_WARN_BOOL_CONVERSION = YES;
				CLANG_WARN_COMMA = YES;
				CLANG_WARN_CONSTANT_CONVERSION = YES;
				CLANG_WARN_DEPRECATED_OBJC_IMPLEMENTATIONS = YES;
				CLANG_WARN_DIRECT_OBJC_ISA_USAGE = YES_ERROR;
				CLANG_WARN_DOCUMENTATION_COMMENTS = YES;
				CLANG_WARN_EMPTY_BODY = YES;
				CLANG_WARN_ENUM_CONVERSION = YES;
				CLANG_WARN_INFINITE_RECURSION = YES;
				CLANG_WARN_INT_CONVERSION = YES;
				CLANG_WARN_NON_LITERAL_NULL_CONVERSION = YES;
				CLANG_WARN_OBJC_IMPLICIT_RETAIN_SELF = YES;
				CLANG_WARN_OBJC_LITERAL_CONVERSION = YES;
				CLANG_WARN_OBJC_ROOT_CLASS = YES_ERROR;
				CLANG_WARN_RANGE_LOOP_ANALYSIS = YES;
				CLANG_WARN_STRICT_PROTOTYPES = YES;
				CLANG_WARN_SUSPICIOUS_MOVE = YES;
				CLANG_WARN_UNGUARDED_AVAILABILITY = YES_AGGRESSIVE;
				CLANG_WARN_UNREACHABLE_CODE = YES;
				CLANG_WARN__DUPLICATE_METHOD_MATCH = YES;
				CODE_SIGN_IDENTITY = "iPhone Developer";
				COPY_PHASE_STRIP = NO;
				DEBUG_INFORMATION_FORMAT = dwarf;
				ENABLE_STRICT_OBJC_MSGSEND = YES;
				ENABLE_TESTABILITY = YES;
				GCC_C_LANGUAGE_STANDARD = gnu11;
				GCC_DYNAMIC_NO_PIC = NO;
				GCC_NO_COMMON_BLOCKS = YES;
				GCC_OPTIMIZATION_LEVEL = 0;
				GCC_PREPROCESSOR_DEFINITIONS = (
					"DEBUG=1",
					"$(inherited)",
				);
				GCC_WARN_64_TO_32_BIT_CONVERSION = YES;
				GCC_WARN_ABOUT_RETURN_TYPE = YES_ERROR;
				GCC_WARN_UNDECLARED_SELECTOR = YES;
				GCC_WARN_UNINITIALIZED_AUTOS = YES_AGGRESSIVE;
				GCC_WARN_UNUSED_FUNCTION = YES;
				GCC_WARN_UNUSED_VARIABLE = YES;
				IPHONEOS_DEPLOYMENT_TARGET = 12.2;
				MTL_ENABLE_DEBUG_INFO = INCLUDE_SOURCE;
				MTL_FAST_MATH = YES;
				ONLY_ACTIVE_ARCH = YES;
				SDKROOT = iphoneos;
				SWIFT_ACTIVE_COMPILATION_CONDITIONS = DEBUG;
				SWIFT_OPTIMIZATION_LEVEL = "-Onone";
			};
			name = Debug;
		};
		ED38B83E22E3A3E10088D216 /* Release */ = {
			isa = XCBuildConfiguration;
			buildSettings = {
				ALWAYS_SEARCH_USER_PATHS = NO;
				CLANG_ANALYZER_NONNULL = YES;
				CLANG_ANALYZER_NUMBER_OBJECT_CONVERSION = YES_AGGRESSIVE;
				CLANG_CXX_LANGUAGE_STANDARD = "gnu++14";
				CLANG_CXX_LIBRARY = "libc++";
				CLANG_ENABLE_MODULES = YES;
				CLANG_ENABLE_OBJC_ARC = YES;
				CLANG_ENABLE_OBJC_WEAK = YES;
				CLANG_WARN_BLOCK_CAPTURE_AUTORELEASING = YES;
				CLANG_WARN_BOOL_CONVERSION = YES;
				CLANG_WARN_COMMA = YES;
				CLANG_WARN_CONSTANT_CONVERSION = YES;
				CLANG_WARN_DEPRECATED_OBJC_IMPLEMENTATIONS = YES;
				CLANG_WARN_DIRECT_OBJC_ISA_USAGE = YES_ERROR;
				CLANG_WARN_DOCUMENTATION_COMMENTS = YES;
				CLANG_WARN_EMPTY_BODY = YES;
				CLANG_WARN_ENUM_CONVERSION = YES;
				CLANG_WARN_INFINITE_RECURSION = YES;
				CLANG_WARN_INT_CONVERSION = YES;
				CLANG_WARN_NON_LITERAL_NULL_CONVERSION = YES;
				CLANG_WARN_OBJC_IMPLICIT_RETAIN_SELF = YES;
				CLANG_WARN_OBJC_LITERAL_CONVERSION = YES;
				CLANG_WARN_OBJC_ROOT_CLASS = YES_ERROR;
				CLANG_WARN_RANGE_LOOP_ANALYSIS = YES;
				CLANG_WARN_STRICT_PROTOTYPES = YES;
				CLANG_WARN_SUSPICIOUS_MOVE = YES;
				CLANG_WARN_UNGUARDED_AVAILABILITY = YES_AGGRESSIVE;
				CLANG_WARN_UNREACHABLE_CODE = YES;
				CLANG_WARN__DUPLICATE_METHOD_MATCH = YES;
				CODE_SIGN_IDENTITY = "iPhone Developer";
				COPY_PHASE_STRIP = NO;
				DEBUG_INFORMATION_FORMAT = "dwarf-with-dsym";
				ENABLE_NS_ASSERTIONS = NO;
				ENABLE_STRICT_OBJC_MSGSEND = YES;
				GCC_C_LANGUAGE_STANDARD = gnu11;
				GCC_NO_COMMON_BLOCKS = YES;
				GCC_WARN_64_TO_32_BIT_CONVERSION = YES;
				GCC_WARN_ABOUT_RETURN_TYPE = YES_ERROR;
				GCC_WARN_UNDECLARED_SELECTOR = YES;
				GCC_WARN_UNINITIALIZED_AUTOS = YES_AGGRESSIVE;
				GCC_WARN_UNUSED_FUNCTION = YES;
				GCC_WARN_UNUSED_VARIABLE = YES;
				IPHONEOS_DEPLOYMENT_TARGET = 12.2;
				MTL_ENABLE_DEBUG_INFO = NO;
				MTL_FAST_MATH = YES;
				SDKROOT = iphoneos;
				SWIFT_COMPILATION_MODE = wholemodule;
				SWIFT_OPTIMIZATION_LEVEL = "-O";
				VALIDATE_PRODUCT = YES;
			};
			name = Release;
		};
		ED38B84022E3A3E10088D216 /* Debug */ = {
			isa = XCBuildConfiguration;
			baseConfigurationReference = 2CA8588EC36E84F5A6B518A7 /* Pods-Podcasts.debug.xcconfig */;
			buildSettings = {
				ASSETCATALOG_COMPILER_APPICON_NAME = AppIcon;
				CODE_SIGN_STYLE = Automatic;
				DEVELOPMENT_TEAM = CW6J7PGNU5;
				INFOPLIST_FILE = Podcasts/Info.plist;
				LD_RUNPATH_SEARCH_PATHS = (
					"$(inherited)",
					"@executable_path/Frameworks",
				);
				PRODUCT_BUNDLE_IDENTIFIER = com.Ivanoff.K.Podcasts;
				PRODUCT_NAME = "$(TARGET_NAME)";
				SWIFT_VERSION = 5.0;
				TARGETED_DEVICE_FAMILY = "1,2";
			};
			name = Debug;
		};
		ED38B84122E3A3E10088D216 /* Release */ = {
			isa = XCBuildConfiguration;
			baseConfigurationReference = C0AA3A1336703CCBF6C83804 /* Pods-Podcasts.release.xcconfig */;
			buildSettings = {
				ASSETCATALOG_COMPILER_APPICON_NAME = AppIcon;
				CODE_SIGN_STYLE = Automatic;
				DEVELOPMENT_TEAM = CW6J7PGNU5;
				INFOPLIST_FILE = Podcasts/Info.plist;
				LD_RUNPATH_SEARCH_PATHS = (
					"$(inherited)",
					"@executable_path/Frameworks",
				);
				PRODUCT_BUNDLE_IDENTIFIER = com.Ivanoff.K.Podcasts;
				PRODUCT_NAME = "$(TARGET_NAME)";
				SWIFT_VERSION = 5.0;
				TARGETED_DEVICE_FAMILY = "1,2";
			};
			name = Release;
		};
/* End XCBuildConfiguration section */

/* Begin XCConfigurationList section */
		ED38B82522E3A3DF0088D216 /* Build configuration list for PBXProject "Podcasts" */ = {
			isa = XCConfigurationList;
			buildConfigurations = (
				ED38B83D22E3A3E10088D216 /* Debug */,
				ED38B83E22E3A3E10088D216 /* Release */,
			);
			defaultConfigurationIsVisible = 0;
			defaultConfigurationName = Release;
		};
		ED38B83F22E3A3E10088D216 /* Build configuration list for PBXNativeTarget "Podcasts" */ = {
			isa = XCConfigurationList;
			buildConfigurations = (
				ED38B84022E3A3E10088D216 /* Debug */,
				ED38B84122E3A3E10088D216 /* Release */,
			);
			defaultConfigurationIsVisible = 0;
			defaultConfigurationName = Release;
		};
/* End XCConfigurationList section */

/* Begin XCVersionGroup section */
		ED38B83422E3A3DF0088D216 /* Podcasts.xcdatamodeld */ = {
			isa = XCVersionGroup;
			children = (
				ED38B83522E3A3DF0088D216 /* Podcasts.xcdatamodel */,
			);
			currentVersion = ED38B83522E3A3DF0088D216 /* Podcasts.xcdatamodel */;
			path = Podcasts.xcdatamodeld;
			sourceTree = "<group>";
			versionGroupType = wrapper.xcdatamodel;
		};
/* End XCVersionGroup section */
	};
	rootObject = ED38B82222E3A3DF0088D216 /* Project object */;
}
